
Microsoft Visual Studio Solution File, Format Version 12.00
# Visual Studio 2013
VisualStudioVersion = 12.0.31101.0
MinimumVisualStudioVersion = 10.0.40219.1
Project("{FAE04EC0-301F-11D3-BF4B-00C04F79EFBC}") = "Blast.Web", "Blast.Web\Blast.Web.csproj", "{4677C414-2EB3-436E-A059-7C02997278F2}"
EndProject
Project("{FAE04EC0-301F-11D3-BF4B-00C04F79EFBC}") = "Blast.Service", "Blast.Service\Blast.Service.csproj", "{15E0A738-DBD2-4843-9D3D-A12BB8FDF423}"
EndProject
Project("{FAE04EC0-301F-11D3-BF4B-00C04F79EFBC}") = "Blast.Utilities", "Blast.Utilities\Blast.Utilities.csproj", "{DA5D6CDD-6A04-4CDB-B298-62A4C1D32590}"
EndProject
Global
	GlobalSection(SolutionConfigurationPlatforms) = preSolution
		Debug|Any CPU = Debug|Any CPU
		Release|Any CPU = Release|Any CPU
	EndGlobalSection
	GlobalSection(ProjectConfigurationPlatforms) = postSolution
		{4677C414-2EB3-436E-A059-7C02997278F2}.Debug|Any CPU.ActiveCfg = Debug|Any CPU
		{4677C414-2EB3-436E-A059-7C02997278F2}.Debug|Any CPU.Build.0 = Debug|Any CPU
		{4677C414-2EB3-436E-A059-7C02997278F2}.Release|Any CPU.ActiveCfg = Release|Any CPU
		{4677C414-2EB3-436E-A059-7C02997278F2}.Release|Any CPU.Build.0 = Release|Any CPU
		{15E0A738-DBD2-4843-9D3D-A12BB8FDF423}.Debug|Any CPU.ActiveCfg = Debug|Any CPU
		{15E0A738-DBD2-4843-9D3D-A12BB8FDF423}.Debug|Any CPU.Build.0 = Debug|Any CPU
		{15E0A738-DBD2-4843-9D3D-A12BB8FDF423}.Release|Any CPU.ActiveCfg = Release|Any CPU
		{15E0A738-DBD2-4843-9D3D-A12BB8FDF423}.Release|Any CPU.Build.0 = Release|Any CPU
		{DA5D6CDD-6A04-4CDB-B298-62A4C1D32590}.Debug|Any CPU.ActiveCfg = Debug|Any CPU
		{DA5D6CDD-6A04-4CDB-B298-62A4C1D32590}.Debug|Any CPU.Build.0 = Debug|Any CPU
		{DA5D6CDD-6A04-4CDB-B298-62A4C1D32590}.Release|Any CPU.ActiveCfg = Release|Any CPU
		{DA5D6CDD-6A04-4CDB-B298-62A4C1D32590}.Release|Any CPU.Build.0 = Release|Any CPU
	EndGlobalSection
	GlobalSection(SolutionProperties) = preSolution
		HideSolutionNode = FALSE
	EndGlobalSection
EndGlobal
